
Microsoft Visual Studio Solution File, Format Version 12.00
# Visual Studio Version 17
VisualStudioVersion = 17.5.33516.290
MinimumVisualStudioVersion = 10.0.40219.1
Project("{FAE04EC0-301F-11D3-BF4B-00C04F79EFBC}") = "WebApplicationForDockerExample", "WebApplicationForDockerExample.csproj", "{033FDB16-0C35-4828-B106-7242F3953D44}"
EndProject
Global
	GlobalSection(SolutionConfigurationPlatforms) = preSolution
		Debug|Any CPU = Debug|Any CPU
		Release|Any CPU = Release|Any CPU
	EndGlobalSection
	GlobalSection(ProjectConfigurationPlatforms) = postSolution
		{033FDB16-0C35-4828-B106-7242F3953D44}.Debug|Any CPU.ActiveCfg = Debug|Any CPU
		{033FDB16-0C35-4828-B106-7242F3953D44}.Debug|Any CPU.Build.0 = Debug|Any CPU
		{033FDB16-0C35-4828-B106-7242F3953D44}.Release|Any CPU.ActiveCfg = Release|Any CPU
		{033FDB16-0C35-4828-B106-7242F3953D44}.Release|Any CPU.Build.0 = Release|Any CPU
	EndGlobalSection
	GlobalSection(SolutionProperties) = preSolution
		HideSolutionNode = FALSE
	EndGlobalSection
	GlobalSection(ExtensibilityGlobals) = postSolution
		SolutionGuid = {7A17DFA6-9739-4737-B57D-B1A284D7EF80}
	EndGlobalSection
EndGlobal
